<?xml version="1.0" encoding="UTF-8" standalone="yes" ?>
<CodeBlocks_project_file>
	<FileVersion major="1" minor="6" />
	<Project>
		<Option title="calendar" />
		<Option pch_mode="2" />
		<Option compiler="gcc" />
		<Build>
			<Target title="Debug">
				<Option output="bin/Debug/calendar" prefix_auto="1" extension_auto="1" />
				<Option object_output="obj/Debug/" />
				<Option type="1" />
				<Option compiler="gcc" />
				<Compiler>
					<Add option="-g" />
				</Compiler>
			</Target>
			<Target title="Release">
				<Option output="bin/Release/calendar" prefix_auto="1" extension_auto="1" />
				<Option object_output="obj/Release/" />
				<Option type="1" />
				<Option compiler="gcc" />
				<Compiler>
					<Add option="-O2" />
				</Compiler>
				<Linker>
					<Add option="-s" />
				</Linker>
			</Target>
		</Build>
		<Compiler>
			<Add option="-Wall" />
			<Add option="-fexceptions" />
		</Compiler>
		<Unit filename="../include/d_cal.h" />
		<Unit filename="../include/d_date.h" />
		<Unit filename="../include/d_except.h" />
		<Unit filename="../include/d_hexconvert.h">
			<Option target="&lt;{~None~}&gt;" />
		</Unit>
		<Unit filename="../include/d_random.h" />
		<Unit filename="../include/d_search.h">
			<Option target="&lt;{~None~}&gt;" />
		</Unit>
		<Unit filename="../include/d_tcard.h" />
		<Unit filename="../include/d_time24.h" />
		<Unit filename="../include/d_util.h" />
		<Unit filename="prg2_1.cpp">
			<Option target="&lt;{~None~}&gt;" />
		</Unit>
		<Unit filename="prg2_2.cpp">
			<Option target="&lt;{~None~}&gt;" />
		</Unit>
		<Extensions>
			<code_completion />
			<envvars />
			<debugger />
		</Extensions>
	</Project>
</CodeBlocks_project_file>
